
Microsoft Visual Studio Solution File, Format Version 12.00
# Visual Studio 15
VisualStudioVersion = 15.0.27130.2027
MinimumVisualStudioVersion = 10.0.40219.1
Project("{FAE04EC0-301F-11D3-BF4B-00C04F79EFBC}") = "Arch_1lab", "Arch_1lab\Arch_1lab.csproj", "{155E0692-D906-4DB7-94A4-2A706E3AF881}"
EndProject
Global
	GlobalSection(SolutionConfigurationPlatforms) = preSolution
		Debug|Any CPU = Debug|Any CPU
		Release|Any CPU = Release|Any CPU
	EndGlobalSection
	GlobalSection(ProjectConfigurationPlatforms) = postSolution
		{155E0692-D906-4DB7-94A4-2A706E3AF881}.Debug|Any CPU.ActiveCfg = Debug|Any CPU
		{155E0692-D906-4DB7-94A4-2A706E3AF881}.Debug|Any CPU.Build.0 = Debug|Any CPU
		{155E0692-D906-4DB7-94A4-2A706E3AF881}.Release|Any CPU.ActiveCfg = Release|Any CPU
		{155E0692-D906-4DB7-94A4-2A706E3AF881}.Release|Any CPU.Build.0 = Release|Any CPU
	EndGlobalSection
	GlobalSection(SolutionProperties) = preSolution
		HideSolutionNode = FALSE
	EndGlobalSection
	GlobalSection(ExtensibilityGlobals) = postSolution
		SolutionGuid = {2DF21EC2-F429-44EE-8E7B-9E87CFB51C0D}
	EndGlobalSection
EndGlobal
